
Microsoft Visual Studio Solution File, Format Version 12.00
# Visual Studio 15
VisualStudioVersion = 15.0.27703.2035
MinimumVisualStudioVersion = 10.0.40219.1
Project("{9A19103F-16F7-4668-BE54-9A1E7A4F7556}") = "Tasker.Web", "Tasker.Web\Tasker.Web.csproj", "{0BA3780B-995C-4DDC-BDC3-D4CD4A7FA756}"
EndProject
Project("{9A19103F-16F7-4668-BE54-9A1E7A4F7556}") = "Tasker.Models", "Tasker.Models\Tasker.Models.csproj", "{7C9C8E75-F332-4ED7-9162-9B59B00C21F4}"
EndProject
Project("{9A19103F-16F7-4668-BE54-9A1E7A4F7556}") = "Tasker.DataAccess", "Tasker.DataAccess\Tasker.DataAccess.csproj", "{56DB2C33-C0DC-4A1C-A77F-04FDFB1FA58B}"
EndProject
Project("{9A19103F-16F7-4668-BE54-9A1E7A4F7556}") = "Tasker.Services", "Tasker.Services\Tasker.Services.csproj", "{4A42E960-4C19-4211-8325-4C41EA3BEB37}"
EndProject
Project("{9A19103F-16F7-4668-BE54-9A1E7A4F7556}") = "Tasker.WebAPI", "Tasker.WebAPI\Tasker.WebAPI.csproj", "{62E4929D-36D8-4C04-8AC3-97584591A738}"
EndProject
Project("{FAE04EC0-301F-11D3-BF4B-00C04F79EFBC}") = "Tasker.Mobile.Android", "Tasker.Mobile\Tasker.Mobile.Android\Tasker.Mobile.Android.csproj", "{E7852072-5D4C-4E5C-908E-4124EC5B1695}"
EndProject
Project("{FAE04EC0-301F-11D3-BF4B-00C04F79EFBC}") = "Tasker.Mobile.iOS", "Tasker.Mobile\Tasker.Mobile.iOS\Tasker.Mobile.iOS.csproj", "{DB45ACB1-714A-49AD-9774-BAD6EE713F0E}"
EndProject
Project("{FAE04EC0-301F-11D3-BF4B-00C04F79EFBC}") = "Tasker.Mobile.UWP", "Tasker.Mobile\Tasker.Mobile.UWP\Tasker.Mobile.UWP.csproj", "{C3232E8B-B2F3-4164-BF5B-A3090CF46106}"
EndProject
Project("{FAE04EC0-301F-11D3-BF4B-00C04F79EFBC}") = "Tasker.Mobile", "Tasker.Mobile\Tasker.Mobile\Tasker.Mobile.csproj", "{785925CA-E473-4C8E-9FCC-BFE7FC97DE8F}"
EndProject
Project("{2150E333-8FDC-42A3-9474-1A3956D46DE8}") = "Mobile", "Mobile", "{7BEF62FA-C596-41A1-AF39-1C337B46894B}"
EndProject
Project("{2150E333-8FDC-42A3-9474-1A3956D46DE8}") = "Web", "Web", "{86436236-8F48-467F-BBB1-F080757407DF}"
EndProject
Project("{2150E333-8FDC-42A3-9474-1A3956D46DE8}") = "Services", "Services", "{1EE5E7D2-6990-481D-99DF-90378185650F}"
EndProject
Global
	GlobalSection(SolutionConfigurationPlatforms) = preSolution
		Ad-Hoc|Any CPU = Ad-Hoc|Any CPU
		Ad-Hoc|ARM = Ad-Hoc|ARM
		Ad-Hoc|iPhone = Ad-Hoc|iPhone
		Ad-Hoc|iPhoneSimulator = Ad-Hoc|iPhoneSimulator
		Ad-Hoc|x64 = Ad-Hoc|x64
		Ad-Hoc|x86 = Ad-Hoc|x86
		AppStore|Any CPU = AppStore|Any CPU
		AppStore|ARM = AppStore|ARM
		AppStore|iPhone = AppStore|iPhone
		AppStore|iPhoneSimulator = AppStore|iPhoneSimulator
		AppStore|x64 = AppStore|x64
		AppStore|x86 = AppStore|x86
		Debug|Any CPU = Debug|Any CPU
		Debug|ARM = Debug|ARM
		Debug|iPhone = Debug|iPhone
		Debug|iPhoneSimulator = Debug|iPhoneSimulator
		Debug|x64 = Debug|x64
		Debug|x86 = Debug|x86
		Release|Any CPU = Release|Any CPU
		Release|ARM = Release|ARM
		Release|iPhone = Release|iPhone
		Release|iPhoneSimulator = Release|iPhoneSimulator
		Release|x64 = Release|x64
		Release|x86 = Release|x86
	EndGlobalSection
	GlobalSection(ProjectConfigurationPlatforms) = postSolution
		{0BA3780B-995C-4DDC-BDC3-D4CD4A7FA756}.Ad-Hoc|Any CPU.ActiveCfg = Release|Any CPU
		{0BA3780B-995C-4DDC-BDC3-D4CD4A7FA756}.Ad-Hoc|Any CPU.Build.0 = Release|Any CPU
		{0BA3780B-995C-4DDC-BDC3-D4CD4A7FA756}.Ad-Hoc|ARM.ActiveCfg = Release|Any CPU
		{0BA3780B-995C-4DDC-BDC3-D4CD4A7FA756}.Ad-Hoc|ARM.Build.0 = Release|Any CPU
		{0BA3780B-995C-4DDC-BDC3-D4CD4A7FA756}.Ad-Hoc|iPhone.ActiveCfg = Release|Any CPU
		{0BA3780B-995C-4DDC-BDC3-D4CD4A7FA756}.Ad-Hoc|iPhone.Build.0 = Release|Any CPU
		{0BA3780B-995C-4DDC-BDC3-D4CD4A7FA756}.Ad-Hoc|iPhoneSimulator.ActiveCfg = Release|Any CPU
		{0BA3780B-995C-4DDC-BDC3-D4CD4A7FA756}.Ad-Hoc|iPhoneSimulator.Build.0 = Release|Any CPU
		{0BA3780B-995C-4DDC-BDC3-D4CD4A7FA756}.Ad-Hoc|x64.ActiveCfg = Release|Any CPU
		{0BA3780B-995C-4DDC-BDC3-D4CD4A7FA756}.Ad-Hoc|x64.Build.0 = Release|Any CPU
		{0BA3780B-995C-4DDC-BDC3-D4CD4A7FA756}.Ad-Hoc|x86.ActiveCfg = Release|Any CPU
		{0BA3780B-995C-4DDC-BDC3-D4CD4A7FA756}.Ad-Hoc|x86.Build.0 = Release|Any CPU
		{0BA3780B-995C-4DDC-BDC3-D4CD4A7FA756}.AppStore|Any CPU.ActiveCfg = Release|Any CPU
		{0BA3780B-995C-4DDC-BDC3-D4CD4A7FA756}.AppStore|Any CPU.Build.0 = Release|Any CPU
		{0BA3780B-995C-4DDC-BDC3-D4CD4A7FA756}.AppStore|ARM.ActiveCfg = Release|Any CPU
		{0BA3780B-995C-4DDC-BDC3-D4CD4A7FA756}.AppStore|ARM.Build.0 = Release|Any CPU
		{0BA3780B-995C-4DDC-BDC3-D4CD4A7FA756}.AppStore|iPhone.ActiveCfg = Release|Any CPU
		{0BA3780B-995C-4DDC-BDC3-D4CD4A7FA756}.AppStore|iPhone.Build.0 = Release|Any CPU
		{0BA3780B-995C-4DDC-BDC3-D4CD4A7FA756}.AppStore|iPhoneSimulator.ActiveCfg = Release|Any CPU
		{0BA3780B-995C-4DDC-BDC3-D4CD4A7FA756}.AppStore|iPhoneSimulator.Build.0 = Release|Any CPU
		{0BA3780B-995C-4DDC-BDC3-D4CD4A7FA756}.AppStore|x64.ActiveCfg = Release|Any CPU
		{0BA3780B-995C-4DDC-BDC3-D4CD4A7FA756}.AppStore|x64.Build.0 = Release|Any CPU
		{0BA3780B-995C-4DDC-BDC3-D4CD4A7FA756}.AppStore|x86.ActiveCfg = Release|Any CPU
		{0BA3780B-995C-4DDC-BDC3-D4CD4A7FA756}.AppStore|x86.Build.0 = Release|Any CPU
		{0BA3780B-995C-4DDC-BDC3-D4CD4A7FA756}.Debug|Any CPU.ActiveCfg = Debug|Any CPU
		{0BA3780B-995C-4DDC-BDC3-D4CD4A7FA756}.Debug|Any CPU.Build.0 = Debug|Any CPU
		{0BA3780B-995C-4DDC-BDC3-D4CD4A7FA756}.Debug|ARM.ActiveCfg = Debug|Any CPU
		{0BA3780B-995C-4DDC-BDC3-D4CD4A7FA756}.Debug|ARM.Build.0 = Debug|Any CPU
		{0BA3780B-995C-4DDC-BDC3-D4CD4A7FA756}.Debug|iPhone.ActiveCfg = Debug|Any CPU
		{0BA3780B-995C-4DDC-BDC3-D4CD4A7FA756}.Debug|iPhone.Build.0 = Debug|Any CPU
		{0BA3780B-995C-4DDC-BDC3-D4CD4A7FA756}.Debug|iPhoneSimulator.ActiveCfg = Debug|Any CPU
		{0BA3780B-995C-4DDC-BDC3-D4CD4A7FA756}.Debug|iPhoneSimulator.Build.0 = Debug|Any CPU
		{0BA3780B-995C-4DDC-BDC3-D4CD4A7FA756}.Debug|x64.ActiveCfg = Debug|Any CPU
		{0BA3780B-995C-4DDC-BDC3-D4CD4A7FA756}.Debug|x64.Build.0 = Debug|Any CPU
		{0BA3780B-995C-4DDC-BDC3-D4CD4A7FA756}.Debug|x86.ActiveCfg = Debug|Any CPU
		{0BA3780B-995C-4DDC-BDC3-D4CD4A7FA756}.Debug|x86.Build.0 = Debug|Any CPU
		{0BA3780B-995C-4DDC-BDC3-D4CD4A7FA756}.Release|Any CPU.ActiveCfg = Release|Any CPU
		{0BA3780B-995C-4DDC-BDC3-D4CD4A7FA756}.Release|Any CPU.Build.0 = Release|Any CPU
		{0BA3780B-995C-4DDC-BDC3-D4CD4A7FA756}.Release|ARM.ActiveCfg = Release|Any CPU
		{0BA3780B-995C-4DDC-BDC3-D4CD4A7FA756}.Release|ARM.Build.0 = Release|Any CPU
		{0BA3780B-995C-4DDC-BDC3-D4CD4A7FA756}.Release|iPhone.ActiveCfg = Release|Any CPU
		{0BA3780B-995C-4DDC-BDC3-D4CD4A7FA756}.Release|iPhone.Build.0 = Release|Any CPU
		{0BA3780B-995C-4DDC-BDC3-D4CD4A7FA756}.Release|iPhoneSimulator.ActiveCfg = Release|Any CPU
		{0BA3780B-995C-4DDC-BDC3-D4CD4A7FA756}.Release|iPhoneSimulator.Build.0 = Release|Any CPU
		{0BA3780B-995C-4DDC-BDC3-D4CD4A7FA756}.Release|x64.ActiveCfg = Release|Any CPU
		{0BA3780B-995C-4DDC-BDC3-D4CD4A7FA756}.Release|x64.Build.0 = Release|Any CPU
		{0BA3780B-995C-4DDC-BDC3-D4CD4A7FA756}.Release|x86.ActiveCfg = Release|Any CPU
		{0BA3780B-995C-4DDC-BDC3-D4CD4A7FA756}.Release|x86.Build.0 = Release|Any CPU
		{7C9C8E75-F332-4ED7-9162-9B59B00C21F4}.Ad-Hoc|Any CPU.ActiveCfg = Release|Any CPU
		{7C9C8E75-F332-4ED7-9162-9B59B00C21F4}.Ad-Hoc|Any CPU.Build.0 = Release|Any CPU
		{7C9C8E75-F332-4ED7-9162-9B59B00C21F4}.Ad-Hoc|ARM.ActiveCfg = Release|Any CPU
		{7C9C8E75-F332-4ED7-9162-9B59B00C21F4}.Ad-Hoc|ARM.Build.0 = Release|Any CPU
		{7C9C8E75-F332-4ED7-9162-9B59B00C21F4}.Ad-Hoc|iPhone.ActiveCfg = Release|Any CPU
		{7C9C8E75-F332-4ED7-9162-9B59B00C21F4}.Ad-Hoc|iPhone.Build.0 = Release|Any CPU
		{7C9C8E75-F332-4ED7-9162-9B59B00C21F4}.Ad-Hoc|iPhoneSimulator.ActiveCfg = Release|Any CPU
		{7C9C8E75-F332-4ED7-9162-9B59B00C21F4}.Ad-Hoc|iPhoneSimulator.Build.0 = Release|Any CPU
		{7C9C8E75-F332-4ED7-9162-9B59B00C21F4}.Ad-Hoc|x64.ActiveCfg = Release|Any CPU
		{7C9C8E75-F332-4ED7-9162-9B59B00C21F4}.Ad-Hoc|x64.Build.0 = Release|Any CPU
		{7C9C8E75-F332-4ED7-9162-9B59B00C21F4}.Ad-Hoc|x86.ActiveCfg = Release|Any CPU
		{7C9C8E75-F332-4ED7-9162-9B59B00C21F4}.Ad-Hoc|x86.Build.0 = Release|Any CPU
		{7C9C8E75-F332-4ED7-9162-9B59B00C21F4}.AppStore|Any CPU.ActiveCfg = Release|Any CPU
		{7C9C8E75-F332-4ED7-9162-9B59B00C21F4}.AppStore|Any CPU.Build.0 = Release|Any CPU
		{7C9C8E75-F332-4ED7-9162-9B59B00C21F4}.AppStore|ARM.ActiveCfg = Release|Any CPU
		{7C9C8E75-F332-4ED7-9162-9B59B00C21F4}.AppStore|ARM.Build.0 = Release|Any CPU
		{7C9C8E75-F332-4ED7-9162-9B59B00C21F4}.AppStore|iPhone.ActiveCfg = Release|Any CPU
		{7C9C8E75-F332-4ED7-9162-9B59B00C21F4}.AppStore|iPhone.Build.0 = Release|Any CPU
		{7C9C8E75-F332-4ED7-9162-9B59B00C21F4}.AppStore|iPhoneSimulator.ActiveCfg = Release|Any CPU
		{7C9C8E75-F332-4ED7-9162-9B59B00C21F4}.AppStore|iPhoneSimulator.Build.0 = Release|Any CPU
		{7C9C8E75-F332-4ED7-9162-9B59B00C21F4}.AppStore|x64.ActiveCfg = Release|Any CPU
		{7C9C8E75-F332-4ED7-9162-9B59B00C21F4}.AppStore|x64.Build.0 = Release|Any CPU
		{7C9C8E75-F332-4ED7-9162-9B59B00C21F4}.AppStore|x86.ActiveCfg = Release|Any CPU
		{7C9C8E75-F332-4ED7-9162-9B59B00C21F4}.AppStore|x86.Build.0 = Release|Any CPU
		{7C9C8E75-F332-4ED7-9162-9B59B00C21F4}.Debug|Any CPU.ActiveCfg = Debug|Any CPU
		{7C9C8E75-F332-4ED7-9162-9B59B00C21F4}.Debug|Any CPU.Build.0 = Debug|Any CPU
		{7C9C8E75-F332-4ED7-9162-9B59B00C21F4}.Debug|ARM.ActiveCfg = Debug|Any CPU
		{7C9C8E75-F332-4ED7-9162-9B59B00C21F4}.Debug|ARM.Build.0 = Debug|Any CPU
		{7C9C8E75-F332-4ED7-9162-9B59B00C21F4}.Debug|iPhone.ActiveCfg = Debug|Any CPU
		{7C9C8E75-F332-4ED7-9162-9B59B00C21F4}.Debug|iPhone.Build.0 = Debug|Any CPU
		{7C9C8E75-F332-4ED7-9162-9B59B00C21F4}.Debug|iPhoneSimulator.ActiveCfg = Debug|Any CPU
		{7C9C8E75-F332-4ED7-9162-9B59B00C21F4}.Debug|iPhoneSimulator.Build.0 = Debug|Any CPU
		{7C9C8E75-F332-4ED7-9162-9B59B00C21F4}.Debug|x64.ActiveCfg = Debug|Any CPU
		{7C9C8E75-F332-4ED7-9162-9B59B00C21F4}.Debug|x64.Build.0 = Debug|Any CPU
		{7C9C8E75-F332-4ED7-9162-9B59B00C21F4}.Debug|x86.ActiveCfg = Debug|Any CPU
		{7C9C8E75-F332-4ED7-9162-9B59B00C21F4}.Debug|x86.Build.0 = Debug|Any CPU
		{7C9C8E75-F332-4ED7-9162-9B59B00C21F4}.Release|Any CPU.ActiveCfg = Release|Any CPU
		{7C9C8E75-F332-4ED7-9162-9B59B00C21F4}.Release|Any CPU.Build.0 = Release|Any CPU
		{7C9C8E75-F332-4ED7-9162-9B59B00C21F4}.Release|ARM.ActiveCfg = Release|Any CPU
		{7C9C8E75-F332-4ED7-9162-9B59B00C21F4}.Release|ARM.Build.0 = Release|Any CPU
		{7C9C8E75-F332-4ED7-9162-9B59B00C21F4}.Release|iPhone.ActiveCfg = Release|Any CPU
		{7C9C8E75-F332-4ED7-9162-9B59B00C21F4}.Release|iPhone.Build.0 = Release|Any CPU
		{7C9C8E75-F332-4ED7-9162-9B59B00C21F4}.Release|iPhoneSimulator.ActiveCfg = Release|Any CPU
		{7C9C8E75-F332-4ED7-9162-9B59B00C21F4}.Release|iPhoneSimulator.Build.0 = Release|Any CPU
		{7C9C8E75-F332-4ED7-9162-9B59B00C21F4}.Release|x64.ActiveCfg = Release|Any CPU
		{7C9C8E75-F332-4ED7-9162-9B59B00C21F4}.Release|x64.Build.0 = Release|Any CPU
		{7C9C8E75-F332-4ED7-9162-9B59B00C21F4}.Release|x86.ActiveCfg = Release|Any CPU
		{7C9C8E75-F332-4ED7-9162-9B59B00C21F4}.Release|x86.Build.0 = Release|Any CPU
		{56DB2C33-C0DC-4A1C-A77F-04FDFB1FA58B}.Ad-Hoc|Any CPU.ActiveCfg = Release|Any CPU
		{56DB2C33-C0DC-4A1C-A77F-04FDFB1FA58B}.Ad-Hoc|Any CPU.Build.0 = Release|Any CPU
		{56DB2C33-C0DC-4A1C-A77F-04FDFB1FA58B}.Ad-Hoc|ARM.ActiveCfg = Release|Any CPU
		{56DB2C33-C0DC-4A1C-A77F-04FDFB1FA58B}.Ad-Hoc|ARM.Build.0 = Release|Any CPU
		{56DB2C33-C0DC-4A1C-A77F-04FDFB1FA58B}.Ad-Hoc|iPhone.ActiveCfg = Release|Any CPU
		{56DB2C33-C0DC-4A1C-A77F-04FDFB1FA58B}.Ad-Hoc|iPhone.Build.0 = Release|Any CPU
		{56DB2C33-C0DC-4A1C-A77F-04FDFB1FA58B}.Ad-Hoc|iPhoneSimulator.ActiveCfg = Release|Any CPU
		{56DB2C33-C0DC-4A1C-A77F-04FDFB1FA58B}.Ad-Hoc|iPhoneSimulator.Build.0 = Release|Any CPU
		{56DB2C33-C0DC-4A1C-A77F-04FDFB1FA58B}.Ad-Hoc|x64.ActiveCfg = Release|Any CPU
		{56DB2C33-C0DC-4A1C-A77F-04FDFB1FA58B}.Ad-Hoc|x64.Build.0 = Release|Any CPU
		{56DB2C33-C0DC-4A1C-A77F-04FDFB1FA58B}.Ad-Hoc|x86.ActiveCfg = Release|Any CPU
		{56DB2C33-C0DC-4A1C-A77F-04FDFB1FA58B}.Ad-Hoc|x86.Build.0 = Release|Any CPU
		{56DB2C33-C0DC-4A1C-A77F-04FDFB1FA58B}.AppStore|Any CPU.ActiveCfg = Release|Any CPU
		{56DB2C33-C0DC-4A1C-A77F-04FDFB1FA58B}.AppStore|Any CPU.Build.0 = Release|Any CPU
		{56DB2C33-C0DC-4A1C-A77F-04FDFB1FA58B}.AppStore|ARM.ActiveCfg = Release|Any CPU
		{56DB2C33-C0DC-4A1C-A77F-04FDFB1FA58B}.AppStore|ARM.Build.0 = Release|Any CPU
		{56DB2C33-C0DC-4A1C-A77F-04FDFB1FA58B}.AppStore|iPhone.ActiveCfg = Release|Any CPU
		{56DB2C33-C0DC-4A1C-A77F-04FDFB1FA58B}.AppStore|iPhone.Build.0 = Release|Any CPU
		{56DB2C33-C0DC-4A1C-A77F-04FDFB1FA58B}.AppStore|iPhoneSimulator.ActiveCfg = Release|Any CPU
		{56DB2C33-C0DC-4A1C-A77F-04FDFB1FA58B}.AppStore|iPhoneSimulator.Build.0 = Release|Any CPU
		{56DB2C33-C0DC-4A1C-A77F-04FDFB1FA58B}.AppStore|x64.ActiveCfg = Release|Any CPU
		{56DB2C33-C0DC-4A1C-A77F-04FDFB1FA58B}.AppStore|x64.Build.0 = Release|Any CPU
		{56DB2C33-C0DC-4A1C-A77F-04FDFB1FA58B}.AppStore|x86.ActiveCfg = Release|Any CPU
		{56DB2C33-C0DC-4A1C-A77F-04FDFB1FA58B}.AppStore|x86.Build.0 = Release|Any CPU
		{56DB2C33-C0DC-4A1C-A77F-04FDFB1FA58B}.Debug|Any CPU.ActiveCfg = Debug|Any CPU
		{56DB2C33-C0DC-4A1C-A77F-04FDFB1FA58B}.Debug|Any CPU.Build.0 = Debug|Any CPU
		{56DB2C33-C0DC-4A1C-A77F-04FDFB1FA58B}.Debug|ARM.ActiveCfg = Debug|Any CPU
		{56DB2C33-C0DC-4A1C-A77F-04FDFB1FA58B}.Debug|ARM.Build.0 = Debug|Any CPU
		{56DB2C33-C0DC-4A1C-A77F-04FDFB1FA58B}.Debug|iPhone.ActiveCfg = Debug|Any CPU
		{56DB2C33-C0DC-4A1C-A77F-04FDFB1FA58B}.Debug|iPhone.Build.0 = Debug|Any CPU
		{56DB2C33-C0DC-4A1C-A77F-04FDFB1FA58B}.Debug|iPhoneSimulator.ActiveCfg = Debug|Any CPU
		{56DB2C33-C0DC-4A1C-A77F-04FDFB1FA58B}.Debug|iPhoneSimulator.Build.0 = Debug|Any CPU
		{56DB2C33-C0DC-4A1C-A77F-04FDFB1FA58B}.Debug|x64.ActiveCfg = Debug|Any CPU
		{56DB2C33-C0DC-4A1C-A77F-04FDFB1FA58B}.Debug|x64.Build.0 = Debug|Any CPU
		{56DB2C33-C0DC-4A1C-A77F-04FDFB1FA58B}.Debug|x86.ActiveCfg = Debug|Any CPU
		{56DB2C33-C0DC-4A1C-A77F-04FDFB1FA58B}.Debug|x86.Build.0 = Debug|Any CPU
		{56DB2C33-C0DC-4A1C-A77F-04FDFB1FA58B}.Release|Any CPU.ActiveCfg = Release|Any CPU
		{56DB2C33-C0DC-4A1C-A77F-04FDFB1FA58B}.Release|Any CPU.Build.0 = Release|Any CPU
		{56DB2C33-C0DC-4A1C-A77F-04FDFB1FA58B}.Release|ARM.ActiveCfg = Release|Any CPU
		{56DB2C33-C0DC-4A1C-A77F-04FDFB1FA58B}.Release|ARM.Build.0 = Release|Any CPU
		{56DB2C33-C0DC-4A1C-A77F-04FDFB1FA58B}.Release|iPhone.ActiveCfg = Release|Any CPU
		{56DB2C33-C0DC-4A1C-A77F-04FDFB1FA58B}.Release|iPhone.Build.0 = Release|Any CPU
		{56DB2C33-C0DC-4A1C-A77F-04FDFB1FA58B}.Release|iPhoneSimulator.ActiveCfg = Release|Any CPU
		{56DB2C33-C0DC-4A1C-A77F-04FDFB1FA58B}.Release|iPhoneSimulator.Build.0 = Release|Any CPU
		{56DB2C33-C0DC-4A1C-A77F-04FDFB1FA58B}.Release|x64.ActiveCfg = Release|Any CPU
		{56DB2C33-C0DC-4A1C-A77F-04FDFB1FA58B}.Release|x64.Build.0 = Release|Any CPU
		{56DB2C33-C0DC-4A1C-A77F-04FDFB1FA58B}.Release|x86.ActiveCfg = Release|Any CPU
		{56DB2C33-C0DC-4A1C-A77F-04FDFB1FA58B}.Release|x86.Build.0 = Release|Any CPU
		{4A42E960-4C19-4211-8325-4C41EA3BEB37}.Ad-Hoc|Any CPU.ActiveCfg = Release|Any CPU
		{4A42E960-4C19-4211-8325-4C41EA3BEB37}.Ad-Hoc|Any CPU.Build.0 = Release|Any CPU
		{4A42E960-4C19-4211-8325-4C41EA3BEB37}.Ad-Hoc|ARM.ActiveCfg = Release|Any CPU
		{4A42E960-4C19-4211-8325-4C41EA3BEB37}.Ad-Hoc|ARM.Build.0 = Release|Any CPU
		{4A42E960-4C19-4211-8325-4C41EA3BEB37}.Ad-Hoc|iPhone.ActiveCfg = Release|Any CPU
		{4A42E960-4C19-4211-8325-4C41EA3BEB37}.Ad-Hoc|iPhone.Build.0 = Release|Any CPU
		{4A42E960-4C19-4211-8325-4C41EA3BEB37}.Ad-Hoc|iPhoneSimulator.ActiveCfg = Release|Any CPU
		{4A42E960-4C19-4211-8325-4C41EA3BEB37}.Ad-Hoc|iPhoneSimulator.Build.0 = Release|Any CPU
		{4A42E960-4C19-4211-8325-4C41EA3BEB37}.Ad-Hoc|x64.ActiveCfg = Release|Any CPU
		{4A42E960-4C19-4211-8325-4C41EA3BEB37}.Ad-Hoc|x64.Build.0 = Release|Any CPU
		{4A42E960-4C19-4211-8325-4C41EA3BEB37}.Ad-Hoc|x86.ActiveCfg = Release|Any CPU
		{4A42E960-4C19-4211-8325-4C41EA3BEB37}.Ad-Hoc|x86.Build.0 = Release|Any CPU
		{4A42E960-4C19-4211-8325-4C41EA3BEB37}.AppStore|Any CPU.ActiveCfg = Release|Any CPU
		{4A42E960-4C19-4211-8325-4C41EA3BEB37}.AppStore|Any CPU.Build.0 = Release|Any CPU
		{4A42E960-4C19-4211-8325-4C41EA3BEB37}.AppStore|ARM.ActiveCfg = Release|Any CPU
		{4A42E960-4C19-4211-8325-4C41EA3BEB37}.AppStore|ARM.Build.0 = Release|Any CPU
		{4A42E960-4C19-4211-8325-4C41EA3BEB37}.AppStore|iPhone.ActiveCfg = Release|Any CPU
		{4A42E960-4C19-4211-8325-4C41EA3BEB37}.AppStore|iPhone.Build.0 = Release|Any CPU
		{4A42E960-4C19-4211-8325-4C41EA3BEB37}.AppStore|iPhoneSimulator.ActiveCfg = Release|Any CPU
		{4A42E960-4C19-4211-8325-4C41EA3BEB37}.AppStore|iPhoneSimulator.Build.0 = Release|Any CPU
		{4A42E960-4C19-4211-8325-4C41EA3BEB37}.AppStore|x64.ActiveCfg = Release|Any CPU
		{4A42E960-4C19-4211-8325-4C41EA3BEB37}.AppStore|x64.Build.0 = Release|Any CPU
		{4A42E960-4C19-4211-8325-4C41EA3BEB37}.AppStore|x86.ActiveCfg = Release|Any CPU
		{4A42E960-4C19-4211-8325-4C41EA3BEB37}.AppStore|x86.Build.0 = Release|Any CPU
		{4A42E960-4C19-4211-8325-4C41EA3BEB37}.Debug|Any CPU.ActiveCfg = Debug|Any CPU
		{4A42E960-4C19-4211-8325-4C41EA3BEB37}.Debug|Any CPU.Build.0 = Debug|Any CPU
		{4A42E960-4C19-4211-8325-4C41EA3BEB37}.Debug|ARM.ActiveCfg = Debug|Any CPU
		{4A42E960-4C19-4211-8325-4C41EA3BEB37}.Debug|ARM.Build.0 = Debug|Any CPU
		{4A42E960-4C19-4211-8325-4C41EA3BEB37}.Debug|iPhone.ActiveCfg = Debug|Any CPU
		{4A42E960-4C19-4211-8325-4C41EA3BEB37}.Debug|iPhone.Build.0 = Debug|Any CPU
		{4A42E960-4C19-4211-8325-4C41EA3BEB37}.Debug|iPhoneSimulator.ActiveCfg = Debug|Any CPU
		{4A42E960-4C19-4211-8325-4C41EA3BEB37}.Debug|iPhoneSimulator.Build.0 = Debug|Any CPU
		{4A42E960-4C19-4211-8325-4C41EA3BEB37}.Debug|x64.ActiveCfg = Debug|Any CPU
		{4A42E960-4C19-4211-8325-4C41EA3BEB37}.Debug|x64.Build.0 = Debug|Any CPU
		{4A42E960-4C19-4211-8325-4C41EA3BEB37}.Debug|x86.ActiveCfg = Debug|Any CPU
		{4A42E960-4C19-4211-8325-4C41EA3BEB37}.Debug|x86.Build.0 = Debug|Any CPU
		{4A42E960-4C19-4211-8325-4C41EA3BEB37}.Release|Any CPU.ActiveCfg = Release|Any CPU
		{4A42E960-4C19-4211-8325-4C41EA3BEB37}.Release|Any CPU.Build.0 = Release|Any CPU
		{4A42E960-4C19-4211-8325-4C41EA3BEB37}.Release|ARM.ActiveCfg = Release|Any CPU
		{4A42E960-4C19-4211-8325-4C41EA3BEB37}.Release|ARM.Build.0 = Release|Any CPU
		{4A42E960-4C19-4211-8325-4C41EA3BEB37}.Release|iPhone.ActiveCfg = Release|Any CPU
		{4A42E960-4C19-4211-8325-4C41EA3BEB37}.Release|iPhone.Build.0 = Release|Any CPU
		{4A42E960-4C19-4211-8325-4C41EA3BEB37}.Release|iPhoneSimulator.ActiveCfg = Release|Any CPU
		{4A42E960-4C19-4211-8325-4C41EA3BEB37}.Release|iPhoneSimulator.Build.0 = Release|Any CPU
		{4A42E960-4C19-4211-8325-4C41EA3BEB37}.Release|x64.ActiveCfg = Release|Any CPU
		{4A42E960-4C19-4211-8325-4C41EA3BEB37}.Release|x64.Build.0 = Release|Any CPU
		{4A42E960-4C19-4211-8325-4C41EA3BEB37}.Release|x86.ActiveCfg = Release|Any CPU
		{4A42E960-4C19-4211-8325-4C41EA3BEB37}.Release|x86.Build.0 = Release|Any CPU
		{62E4929D-36D8-4C04-8AC3-97584591A738}.Ad-Hoc|Any CPU.ActiveCfg = Release|Any CPU
		{62E4929D-36D8-4C04-8AC3-97584591A738}.Ad-Hoc|Any CPU.Build.0 = Release|Any CPU
		{62E4929D-36D8-4C04-8AC3-97584591A738}.Ad-Hoc|ARM.ActiveCfg = Release|Any CPU
		{62E4929D-36D8-4C04-8AC3-97584591A738}.Ad-Hoc|ARM.Build.0 = Release|Any CPU
		{62E4929D-36D8-4C04-8AC3-97584591A738}.Ad-Hoc|iPhone.ActiveCfg = Release|Any CPU
		{62E4929D-36D8-4C04-8AC3-97584591A738}.Ad-Hoc|iPhone.Build.0 = Release|Any CPU
		{62E4929D-36D8-4C04-8AC3-97584591A738}.Ad-Hoc|iPhoneSimulator.ActiveCfg = Release|Any CPU
		{62E4929D-36D8-4C04-8AC3-97584591A738}.Ad-Hoc|iPhoneSimulator.Build.0 = Release|Any CPU
		{62E4929D-36D8-4C04-8AC3-97584591A738}.Ad-Hoc|x64.ActiveCfg = Release|Any CPU
		{62E4929D-36D8-4C04-8AC3-97584591A738}.Ad-Hoc|x64.Build.0 = Release|Any CPU
		{62E4929D-36D8-4C04-8AC3-97584591A738}.Ad-Hoc|x86.ActiveCfg = Release|Any CPU
		{62E4929D-36D8-4C04-8AC3-97584591A738}.Ad-Hoc|x86.Build.0 = Release|Any CPU
		{62E4929D-36D8-4C04-8AC3-97584591A738}.AppStore|Any CPU.ActiveCfg = Release|Any CPU
		{62E4929D-36D8-4C04-8AC3-97584591A738}.AppStore|Any CPU.Build.0 = Release|Any CPU
		{62E4929D-36D8-4C04-8AC3-97584591A738}.AppStore|ARM.ActiveCfg = Release|Any CPU
		{62E4929D-36D8-4C04-8AC3-97584591A738}.AppStore|ARM.Build.0 = Release|Any CPU
		{62E4929D-36D8-4C04-8AC3-97584591A738}.AppStore|iPhone.ActiveCfg = Release|Any CPU
		{62E4929D-36D8-4C04-8AC3-97584591A738}.AppStore|iPhone.Build.0 = Release|Any CPU
		{62E4929D-36D8-4C04-8AC3-97584591A738}.AppStore|iPhoneSimulator.ActiveCfg = Release|Any CPU
		{62E4929D-36D8-4C04-8AC3-97584591A738}.AppStore|iPhoneSimulator.Build.0 = Release|Any CPU
		{62E4929D-36D8-4C04-8AC3-97584591A738}.AppStore|x64.ActiveCfg = Release|Any CPU
		{62E4929D-36D8-4C04-8AC3-97584591A738}.AppStore|x64.Build.0 = Release|Any CPU
		{62E4929D-36D8-4C04-8AC3-97584591A738}.AppStore|x86.ActiveCfg = Release|Any CPU
		{62E4929D-36D8-4C04-8AC3-97584591A738}.AppStore|x86.Build.0 = Release|Any CPU
		{62E4929D-36D8-4C04-8AC3-97584591A738}.Debug|Any CPU.ActiveCfg = Debug|Any CPU
		{62E4929D-36D8-4C04-8AC3-97584591A738}.Debug|Any CPU.Build.0 = Debug|Any CPU
		{62E4929D-36D8-4C04-8AC3-97584591A738}.Debug|ARM.ActiveCfg = Debug|Any CPU
		{62E4929D-36D8-4C04-8AC3-97584591A738}.Debug|ARM.Build.0 = Debug|Any CPU
		{62E4929D-36D8-4C04-8AC3-97584591A738}.Debug|iPhone.ActiveCfg = Debug|Any CPU
		{62E4929D-36D8-4C04-8AC3-97584591A738}.Debug|iPhone.Build.0 = Debug|Any CPU
		{62E4929D-36D8-4C04-8AC3-97584591A738}.Debug|iPhoneSimulator.ActiveCfg = Debug|Any CPU
		{62E4929D-36D8-4C04-8AC3-97584591A738}.Debug|iPhoneSimulator.Build.0 = Debug|Any CPU
		{62E4929D-36D8-4C04-8AC3-97584591A738}.Debug|x64.ActiveCfg = Debug|Any CPU
		{62E4929D-36D8-4C04-8AC3-97584591A738}.Debug|x64.Build.0 = Debug|Any CPU
		{62E4929D-36D8-4C04-8AC3-97584591A738}.Debug|x86.ActiveCfg = Debug|Any CPU
		{62E4929D-36D8-4C04-8AC3-97584591A738}.Debug|x86.Build.0 = Debug|Any CPU
		{62E4929D-36D8-4C04-8AC3-97584591A738}.Release|Any CPU.ActiveCfg = Release|Any CPU
		{62E4929D-36D8-4C04-8AC3-97584591A738}.Release|Any CPU.Build.0 = Release|Any CPU
		{62E4929D-36D8-4C04-8AC3-97584591A738}.Release|ARM.ActiveCfg = Release|Any CPU
		{62E4929D-36D8-4C04-8AC3-97584591A738}.Release|ARM.Build.0 = Release|Any CPU
		{62E4929D-36D8-4C04-8AC3-97584591A738}.Release|iPhone.ActiveCfg = Release|Any CPU
		{62E4929D-36D8-4C04-8AC3-97584591A738}.Release|iPhone.Build.0 = Release|Any CPU
		{62E4929D-36D8-4C04-8AC3-97584591A738}.Release|iPhoneSimulator.ActiveCfg = Release|Any CPU
		{62E4929D-36D8-4C04-8AC3-97584591A738}.Release|iPhoneSimulator.Build.0 = Release|Any CPU
		{62E4929D-36D8-4C04-8AC3-97584591A738}.Release|x64.ActiveCfg = Release|Any CPU
		{62E4929D-36D8-4C04-8AC3-97584591A738}.Release|x64.Build.0 = Release|Any CPU
		{62E4929D-36D8-4C04-8AC3-97584591A738}.Release|x86.ActiveCfg = Release|Any CPU
		{62E4929D-36D8-4C04-8AC3-97584591A738}.Release|x86.Build.0 = Release|Any CPU
		{E7852072-5D4C-4E5C-908E-4124EC5B1695}.Ad-Hoc|Any CPU.ActiveCfg = Release|Any CPU
		{E7852072-5D4C-4E5C-908E-4124EC5B1695}.Ad-Hoc|Any CPU.Build.0 = Release|Any CPU
		{E7852072-5D4C-4E5C-908E-4124EC5B1695}.Ad-Hoc|Any CPU.Deploy.0 = Release|Any CPU
		{E7852072-5D4C-4E5C-908E-4124EC5B1695}.Ad-Hoc|ARM.ActiveCfg = Release|Any CPU
		{E7852072-5D4C-4E5C-908E-4124EC5B1695}.Ad-Hoc|ARM.Build.0 = Release|Any CPU
		{E7852072-5D4C-4E5C-908E-4124EC5B1695}.Ad-Hoc|ARM.Deploy.0 = Release|Any CPU
		{E7852072-5D4C-4E5C-908E-4124EC5B1695}.Ad-Hoc|iPhone.ActiveCfg = Release|Any CPU
		{E7852072-5D4C-4E5C-908E-4124EC5B1695}.Ad-Hoc|iPhone.Build.0 = Release|Any CPU
		{E7852072-5D4C-4E5C-908E-4124EC5B1695}.Ad-Hoc|iPhone.Deploy.0 = Release|Any CPU
		{E7852072-5D4C-4E5C-908E-4124EC5B1695}.Ad-Hoc|iPhoneSimulator.ActiveCfg = Release|Any CPU
		{E7852072-5D4C-4E5C-908E-4124EC5B1695}.Ad-Hoc|iPhoneSimulator.Build.0 = Release|Any CPU
		{E7852072-5D4C-4E5C-908E-4124EC5B1695}.Ad-Hoc|iPhoneSimulator.Deploy.0 = Release|Any CPU
		{E7852072-5D4C-4E5C-908E-4124EC5B1695}.Ad-Hoc|x64.ActiveCfg = Release|Any CPU
		{E7852072-5D4C-4E5C-908E-4124EC5B1695}.Ad-Hoc|x64.Build.0 = Release|Any CPU
		{E7852072-5D4C-4E5C-908E-4124EC5B1695}.Ad-Hoc|x64.Deploy.0 = Release|Any CPU
		{E7852072-5D4C-4E5C-908E-4124EC5B1695}.Ad-Hoc|x86.ActiveCfg = Release|Any CPU
		{E7852072-5D4C-4E5C-908E-4124EC5B1695}.Ad-Hoc|x86.Build.0 = Release|Any CPU
		{E7852072-5D4C-4E5C-908E-4124EC5B1695}.Ad-Hoc|x86.Deploy.0 = Release|Any CPU
		{E7852072-5D4C-4E5C-908E-4124EC5B1695}.AppStore|Any CPU.ActiveCfg = Release|Any CPU
		{E7852072-5D4C-4E5C-908E-4124EC5B1695}.AppStore|Any CPU.Build.0 = Release|Any CPU
		{E7852072-5D4C-4E5C-908E-4124EC5B1695}.AppStore|Any CPU.Deploy.0 = Release|Any CPU
		{E7852072-5D4C-4E5C-908E-4124EC5B1695}.AppStore|ARM.ActiveCfg = Release|Any CPU
		{E7852072-5D4C-4E5C-908E-4124EC5B1695}.AppStore|ARM.Build.0 = Release|Any CPU
		{E7852072-5D4C-4E5C-908E-4124EC5B1695}.AppStore|ARM.Deploy.0 = Release|Any CPU
		{E7852072-5D4C-4E5C-908E-4124EC5B1695}.AppStore|iPhone.ActiveCfg = Release|Any CPU
		{E7852072-5D4C-4E5C-908E-4124EC5B1695}.AppStore|iPhone.Build.0 = Release|Any CPU
		{E7852072-5D4C-4E5C-908E-4124EC5B1695}.AppStore|iPhone.Deploy.0 = Release|Any CPU
		{E7852072-5D4C-4E5C-908E-4124EC5B1695}.AppStore|iPhoneSimulator.ActiveCfg = Release|Any CPU
		{E7852072-5D4C-4E5C-908E-4124EC5B1695}.AppStore|iPhoneSimulator.Build.0 = Release|Any CPU
		{E7852072-5D4C-4E5C-908E-4124EC5B1695}.AppStore|iPhoneSimulator.Deploy.0 = Release|Any CPU
		{E7852072-5D4C-4E5C-908E-4124EC5B1695}.AppStore|x64.ActiveCfg = Release|Any CPU
		{E7852072-5D4C-4E5C-908E-4124EC5B1695}.AppStore|x64.Build.0 = Release|Any CPU
		{E7852072-5D4C-4E5C-908E-4124EC5B1695}.AppStore|x64.Deploy.0 = Release|Any CPU
		{E7852072-5D4C-4E5C-908E-4124EC5B1695}.AppStore|x86.ActiveCfg = Release|Any CPU
		{E7852072-5D4C-4E5C-908E-4124EC5B1695}.AppStore|x86.Build.0 = Release|Any CPU
		{E7852072-5D4C-4E5C-908E-4124EC5B1695}.AppStore|x86.Deploy.0 = Release|Any CPU
		{E7852072-5D4C-4E5C-908E-4124EC5B1695}.Debug|Any CPU.ActiveCfg = Debug|Any CPU
		{E7852072-5D4C-4E5C-908E-4124EC5B1695}.Debug|Any CPU.Build.0 = Debug|Any CPU
		{E7852072-5D4C-4E5C-908E-4124EC5B1695}.Debug|Any CPU.Deploy.0 = Debug|Any CPU
		{E7852072-5D4C-4E5C-908E-4124EC5B1695}.Debug|ARM.ActiveCfg = Debug|Any CPU
		{E7852072-5D4C-4E5C-908E-4124EC5B1695}.Debug|ARM.Build.0 = Debug|Any CPU
		{E7852072-5D4C-4E5C-908E-4124EC5B1695}.Debug|ARM.Deploy.0 = Debug|Any CPU
		{E7852072-5D4C-4E5C-908E-4124EC5B1695}.Debug|iPhone.ActiveCfg = Debug|Any CPU
		{E7852072-5D4C-4E5C-908E-4124EC5B1695}.Debug|iPhone.Build.0 = Debug|Any CPU
		{E7852072-5D4C-4E5C-908E-4124EC5B1695}.Debug|iPhone.Deploy.0 = Debug|Any CPU
		{E7852072-5D4C-4E5C-908E-4124EC5B1695}.Debug|iPhoneSimulator.ActiveCfg = Debug|Any CPU
		{E7852072-5D4C-4E5C-908E-4124EC5B1695}.Debug|iPhoneSimulator.Build.0 = Debug|Any CPU
		{E7852072-5D4C-4E5C-908E-4124EC5B1695}.Debug|iPhoneSimulator.Deploy.0 = Debug|Any CPU
		{E7852072-5D4C-4E5C-908E-4124EC5B1695}.Debug|x64.ActiveCfg = Debug|Any CPU
		{E7852072-5D4C-4E5C-908E-4124EC5B1695}.Debug|x64.Build.0 = Debug|Any CPU
		{E7852072-5D4C-4E5C-908E-4124EC5B1695}.Debug|x64.Deploy.0 = Debug|Any CPU
		{E7852072-5D4C-4E5C-908E-4124EC5B1695}.Debug|x86.ActiveCfg = Debug|Any CPU
		{E7852072-5D4C-4E5C-908E-4124EC5B1695}.Debug|x86.Build.0 = Debug|Any CPU
		{E7852072-5D4C-4E5C-908E-4124EC5B1695}.Debug|x86.Deploy.0 = Debug|Any CPU
		{E7852072-5D4C-4E5C-908E-4124EC5B1695}.Release|Any CPU.ActiveCfg = Release|Any CPU
		{E7852072-5D4C-4E5C-908E-4124EC5B1695}.Release|Any CPU.Build.0 = Release|Any CPU
		{E7852072-5D4C-4E5C-908E-4124EC5B1695}.Release|Any CPU.Deploy.0 = Release|Any CPU
		{E7852072-5D4C-4E5C-908E-4124EC5B1695}.Release|ARM.ActiveCfg = Release|Any CPU
		{E7852072-5D4C-4E5C-908E-4124EC5B1695}.Release|ARM.Build.0 = Release|Any CPU
		{E7852072-5D4C-4E5C-908E-4124EC5B1695}.Release|ARM.Deploy.0 = Release|Any CPU
		{E7852072-5D4C-4E5C-908E-4124EC5B1695}.Release|iPhone.ActiveCfg = Release|Any CPU
		{E7852072-5D4C-4E5C-908E-4124EC5B1695}.Release|iPhone.Build.0 = Release|Any CPU
		{E7852072-5D4C-4E5C-908E-4124EC5B1695}.Release|iPhone.Deploy.0 = Release|Any CPU
		{E7852072-5D4C-4E5C-908E-4124EC5B1695}.Release|iPhoneSimulator.ActiveCfg = Release|Any CPU
		{E7852072-5D4C-4E5C-908E-4124EC5B1695}.Release|iPhoneSimulator.Build.0 = Release|Any CPU
		{E7852072-5D4C-4E5C-908E-4124EC5B1695}.Release|iPhoneSimulator.Deploy.0 = Release|Any CPU
		{E7852072-5D4C-4E5C-908E-4124EC5B1695}.Release|x64.ActiveCfg = Release|Any CPU
		{E7852072-5D4C-4E5C-908E-4124EC5B1695}.Release|x64.Build.0 = Release|Any CPU
		{E7852072-5D4C-4E5C-908E-4124EC5B1695}.Release|x64.Deploy.0 = Release|Any CPU
		{E7852072-5D4C-4E5C-908E-4124EC5B1695}.Release|x86.ActiveCfg = Release|Any CPU
		{E7852072-5D4C-4E5C-908E-4124EC5B1695}.Release|x86.Build.0 = Release|Any CPU
		{E7852072-5D4C-4E5C-908E-4124EC5B1695}.Release|x86.Deploy.0 = Release|Any CPU
		{DB45ACB1-714A-49AD-9774-BAD6EE713F0E}.Ad-Hoc|Any CPU.ActiveCfg = Ad-Hoc|iPhone
		{DB45ACB1-714A-49AD-9774-BAD6EE713F0E}.Ad-Hoc|ARM.ActiveCfg = Ad-Hoc|iPhone
		{DB45ACB1-714A-49AD-9774-BAD6EE713F0E}.Ad-Hoc|iPhone.ActiveCfg = Ad-Hoc|iPhone
		{DB45ACB1-714A-49AD-9774-BAD6EE713F0E}.Ad-Hoc|iPhone.Build.0 = Ad-Hoc|iPhone
		{DB45ACB1-714A-49AD-9774-BAD6EE713F0E}.Ad-Hoc|iPhoneSimulator.ActiveCfg = Ad-Hoc|iPhoneSimulator
		{DB45ACB1-714A-49AD-9774-BAD6EE713F0E}.Ad-Hoc|iPhoneSimulator.Build.0 = Ad-Hoc|iPhoneSimulator
		{DB45ACB1-714A-49AD-9774-BAD6EE713F0E}.Ad-Hoc|x64.ActiveCfg = Ad-Hoc|iPhone
		{DB45ACB1-714A-49AD-9774-BAD6EE713F0E}.Ad-Hoc|x86.ActiveCfg = Ad-Hoc|iPhone
		{DB45ACB1-714A-49AD-9774-BAD6EE713F0E}.AppStore|Any CPU.ActiveCfg = AppStore|iPhone
		{DB45ACB1-714A-49AD-9774-BAD6EE713F0E}.AppStore|ARM.ActiveCfg = AppStore|iPhone
		{DB45ACB1-714A-49AD-9774-BAD6EE713F0E}.AppStore|iPhone.ActiveCfg = AppStore|iPhone
		{DB45ACB1-714A-49AD-9774-BAD6EE713F0E}.AppStore|iPhone.Build.0 = AppStore|iPhone
		{DB45ACB1-714A-49AD-9774-BAD6EE713F0E}.AppStore|iPhoneSimulator.ActiveCfg = AppStore|iPhoneSimulator
		{DB45ACB1-714A-49AD-9774-BAD6EE713F0E}.AppStore|iPhoneSimulator.Build.0 = AppStore|iPhoneSimulator
		{DB45ACB1-714A-49AD-9774-BAD6EE713F0E}.AppStore|x64.ActiveCfg = AppStore|iPhone
		{DB45ACB1-714A-49AD-9774-BAD6EE713F0E}.AppStore|x86.ActiveCfg = AppStore|iPhone
		{DB45ACB1-714A-49AD-9774-BAD6EE713F0E}.Debug|Any CPU.ActiveCfg = Debug|iPhone
		{DB45ACB1-714A-49AD-9774-BAD6EE713F0E}.Debug|ARM.ActiveCfg = Debug|iPhone
		{DB45ACB1-714A-49AD-9774-BAD6EE713F0E}.Debug|iPhone.ActiveCfg = Debug|iPhone
		{DB45ACB1-714A-49AD-9774-BAD6EE713F0E}.Debug|iPhone.Build.0 = Debug|iPhone
		{DB45ACB1-714A-49AD-9774-BAD6EE713F0E}.Debug|iPhoneSimulator.ActiveCfg = Debug|iPhoneSimulator
		{DB45ACB1-714A-49AD-9774-BAD6EE713F0E}.Debug|iPhoneSimulator.Build.0 = Debug|iPhoneSimulator
		{DB45ACB1-714A-49AD-9774-BAD6EE713F0E}.Debug|x64.ActiveCfg = Debug|iPhone
		{DB45ACB1-714A-49AD-9774-BAD6EE713F0E}.Debug|x86.ActiveCfg = Debug|iPhone
		{DB45ACB1-714A-49AD-9774-BAD6EE713F0E}.Release|Any CPU.ActiveCfg = Release|iPhone
		{DB45ACB1-714A-49AD-9774-BAD6EE713F0E}.Release|ARM.ActiveCfg = Release|iPhone
		{DB45ACB1-714A-49AD-9774-BAD6EE713F0E}.Release|iPhone.ActiveCfg = Release|iPhone
		{DB45ACB1-714A-49AD-9774-BAD6EE713F0E}.Release|iPhone.Build.0 = Release|iPhone
		{DB45ACB1-714A-49AD-9774-BAD6EE713F0E}.Release|iPhoneSimulator.ActiveCfg = Release|iPhoneSimulator
		{DB45ACB1-714A-49AD-9774-BAD6EE713F0E}.Release|iPhoneSimulator.Build.0 = Release|iPhoneSimulator
		{DB45ACB1-714A-49AD-9774-BAD6EE713F0E}.Release|x64.ActiveCfg = Release|iPhone
		{DB45ACB1-714A-49AD-9774-BAD6EE713F0E}.Release|x86.ActiveCfg = Release|iPhone
		{C3232E8B-B2F3-4164-BF5B-A3090CF46106}.Ad-Hoc|Any CPU.ActiveCfg = Release|x86
		{C3232E8B-B2F3-4164-BF5B-A3090CF46106}.Ad-Hoc|Any CPU.Build.0 = Release|x86
		{C3232E8B-B2F3-4164-BF5B-A3090CF46106}.Ad-Hoc|Any CPU.Deploy.0 = Release|x86
		{C3232E8B-B2F3-4164-BF5B-A3090CF46106}.Ad-Hoc|ARM.ActiveCfg = Release|ARM
		{C3232E8B-B2F3-4164-BF5B-A3090CF46106}.Ad-Hoc|ARM.Build.0 = Release|ARM
		{C3232E8B-B2F3-4164-BF5B-A3090CF46106}.Ad-Hoc|ARM.Deploy.0 = Release|ARM
		{C3232E8B-B2F3-4164-BF5B-A3090CF46106}.Ad-Hoc|iPhone.ActiveCfg = Release|x86
		{C3232E8B-B2F3-4164-BF5B-A3090CF46106}.Ad-Hoc|iPhone.Build.0 = Release|x86
		{C3232E8B-B2F3-4164-BF5B-A3090CF46106}.Ad-Hoc|iPhone.Deploy.0 = Release|x86
		{C3232E8B-B2F3-4164-BF5B-A3090CF46106}.Ad-Hoc|iPhoneSimulator.ActiveCfg = Release|x86
		{C3232E8B-B2F3-4164-BF5B-A3090CF46106}.Ad-Hoc|iPhoneSimulator.Build.0 = Release|x86
		{C3232E8B-B2F3-4164-BF5B-A3090CF46106}.Ad-Hoc|iPhoneSimulator.Deploy.0 = Release|x86
		{C3232E8B-B2F3-4164-BF5B-A3090CF46106}.Ad-Hoc|x64.ActiveCfg = Release|x64
		{C3232E8B-B2F3-4164-BF5B-A3090CF46106}.Ad-Hoc|x64.Build.0 = Release|x64
		{C3232E8B-B2F3-4164-BF5B-A3090CF46106}.Ad-Hoc|x64.Deploy.0 = Release|x64
		{C3232E8B-B2F3-4164-BF5B-A3090CF46106}.Ad-Hoc|x86.ActiveCfg = Release|x86
		{C3232E8B-B2F3-4164-BF5B-A3090CF46106}.Ad-Hoc|x86.Build.0 = Release|x86
		{C3232E8B-B2F3-4164-BF5B-A3090CF46106}.Ad-Hoc|x86.Deploy.0 = Release|x86
		{C3232E8B-B2F3-4164-BF5B-A3090CF46106}.AppStore|Any CPU.ActiveCfg = Release|x86
		{C3232E8B-B2F3-4164-BF5B-A3090CF46106}.AppStore|Any CPU.Build.0 = Release|x86
		{C3232E8B-B2F3-4164-BF5B-A3090CF46106}.AppStore|Any CPU.Deploy.0 = Release|x86
		{C3232E8B-B2F3-4164-BF5B-A3090CF46106}.AppStore|ARM.ActiveCfg = Release|ARM
		{C3232E8B-B2F3-4164-BF5B-A3090CF46106}.AppStore|ARM.Build.0 = Release|ARM
		{C3232E8B-B2F3-4164-BF5B-A3090CF46106}.AppStore|ARM.Deploy.0 = Release|ARM
		{C3232E8B-B2F3-4164-BF5B-A3090CF46106}.AppStore|iPhone.ActiveCfg = Release|x86
		{C3232E8B-B2F3-4164-BF5B-A3090CF46106}.AppStore|iPhone.Build.0 = Release|x86
		{C3232E8B-B2F3-4164-BF5B-A3090CF46106}.AppStore|iPhone.Deploy.0 = Release|x86
		{C3232E8B-B2F3-4164-BF5B-A3090CF46106}.AppStore|iPhoneSimulator.ActiveCfg = Release|x86
		{C3232E8B-B2F3-4164-BF5B-A3090CF46106}.AppStore|iPhoneSimulator.Build.0 = Release|x86
		{C3232E8B-B2F3-4164-BF5B-A3090CF46106}.AppStore|iPhoneSimulator.Deploy.0 = Release|x86
		{C3232E8B-B2F3-4164-BF5B-A3090CF46106}.AppStore|x64.ActiveCfg = Release|x64
		{C3232E8B-B2F3-4164-BF5B-A3090CF46106}.AppStore|x64.Build.0 = Release|x64
		{C3232E8B-B2F3-4164-BF5B-A3090CF46106}.AppStore|x64.Deploy.0 = Release|x64
		{C3232E8B-B2F3-4164-BF5B-A3090CF46106}.AppStore|x86.ActiveCfg = Release|x86
		{C3232E8B-B2F3-4164-BF5B-A3090CF46106}.AppStore|x86.Build.0 = Release|x86
		{C3232E8B-B2F3-4164-BF5B-A3090CF46106}.AppStore|x86.Deploy.0 = Release|x86
		{C3232E8B-B2F3-4164-BF5B-A3090CF46106}.Debug|Any CPU.ActiveCfg = Debug|x86
		{C3232E8B-B2F3-4164-BF5B-A3090CF46106}.Debug|ARM.ActiveCfg = Debug|ARM
		{C3232E8B-B2F3-4164-BF5B-A3090CF46106}.Debug|ARM.Build.0 = Debug|ARM
		{C3232E8B-B2F3-4164-BF5B-A3090CF46106}.Debug|ARM.Deploy.0 = Debug|ARM
		{C3232E8B-B2F3-4164-BF5B-A3090CF46106}.Debug|iPhone.ActiveCfg = Debug|x86
		{C3232E8B-B2F3-4164-BF5B-A3090CF46106}.Debug|iPhoneSimulator.ActiveCfg = Debug|x86
		{C3232E8B-B2F3-4164-BF5B-A3090CF46106}.Debug|x64.ActiveCfg = Debug|x64
		{C3232E8B-B2F3-4164-BF5B-A3090CF46106}.Debug|x64.Build.0 = Debug|x64
		{C3232E8B-B2F3-4164-BF5B-A3090CF46106}.Debug|x64.Deploy.0 = Debug|x64
		{C3232E8B-B2F3-4164-BF5B-A3090CF46106}.Debug|x86.ActiveCfg = Debug|x86
		{C3232E8B-B2F3-4164-BF5B-A3090CF46106}.Debug|x86.Build.0 = Debug|x86
		{C3232E8B-B2F3-4164-BF5B-A3090CF46106}.Debug|x86.Deploy.0 = Debug|x86
		{C3232E8B-B2F3-4164-BF5B-A3090CF46106}.Release|Any CPU.ActiveCfg = Release|x86
		{C3232E8B-B2F3-4164-BF5B-A3090CF46106}.Release|ARM.ActiveCfg = Release|ARM
		{C3232E8B-B2F3-4164-BF5B-A3090CF46106}.Release|ARM.Build.0 = Release|ARM
		{C3232E8B-B2F3-4164-BF5B-A3090CF46106}.Release|ARM.Deploy.0 = Release|ARM
		{C3232E8B-B2F3-4164-BF5B-A3090CF46106}.Release|iPhone.ActiveCfg = Release|x86
		{C3232E8B-B2F3-4164-BF5B-A3090CF46106}.Release|iPhoneSimulator.ActiveCfg = Release|x86
		{C3232E8B-B2F3-4164-BF5B-A3090CF46106}.Release|x64.ActiveCfg = Release|x64
		{C3232E8B-B2F3-4164-BF5B-A3090CF46106}.Release|x64.Build.0 = Release|x64
		{C3232E8B-B2F3-4164-BF5B-A3090CF46106}.Release|x64.Deploy.0 = Release|x64
		{C3232E8B-B2F3-4164-BF5B-A3090CF46106}.Release|x86.ActiveCfg = Release|x86
		{C3232E8B-B2F3-4164-BF5B-A3090CF46106}.Release|x86.Build.0 = Release|x86
		{C3232E8B-B2F3-4164-BF5B-A3090CF46106}.Release|x86.Deploy.0 = Release|x86
		{785925CA-E473-4C8E-9FCC-BFE7FC97DE8F}.Ad-Hoc|Any CPU.ActiveCfg = Debug|Any CPU
		{785925CA-E473-4C8E-9FCC-BFE7FC97DE8F}.Ad-Hoc|Any CPU.Build.0 = Debug|Any CPU
		{785925CA-E473-4C8E-9FCC-BFE7FC97DE8F}.Ad-Hoc|ARM.ActiveCfg = Debug|Any CPU
		{785925CA-E473-4C8E-9FCC-BFE7FC97DE8F}.Ad-Hoc|ARM.Build.0 = Debug|Any CPU
		{785925CA-E473-4C8E-9FCC-BFE7FC97DE8F}.Ad-Hoc|iPhone.ActiveCfg = Debug|Any CPU
		{785925CA-E473-4C8E-9FCC-BFE7FC97DE8F}.Ad-Hoc|iPhone.Build.0 = Debug|Any CPU
		{785925CA-E473-4C8E-9FCC-BFE7FC97DE8F}.Ad-Hoc|iPhoneSimulator.ActiveCfg = Debug|Any CPU
		{785925CA-E473-4C8E-9FCC-BFE7FC97DE8F}.Ad-Hoc|iPhoneSimulator.Build.0 = Debug|Any CPU
		{785925CA-E473-4C8E-9FCC-BFE7FC97DE8F}.Ad-Hoc|x64.ActiveCfg = Debug|Any CPU
		{785925CA-E473-4C8E-9FCC-BFE7FC97DE8F}.Ad-Hoc|x64.Build.0 = Debug|Any CPU
		{785925CA-E473-4C8E-9FCC-BFE7FC97DE8F}.Ad-Hoc|x86.ActiveCfg = Debug|Any CPU
		{785925CA-E473-4C8E-9FCC-BFE7FC97DE8F}.Ad-Hoc|x86.Build.0 = Debug|Any CPU
		{785925CA-E473-4C8E-9FCC-BFE7FC97DE8F}.AppStore|Any CPU.ActiveCfg = Debug|Any CPU
		{785925CA-E473-4C8E-9FCC-BFE7FC97DE8F}.AppStore|Any CPU.Build.0 = Debug|Any CPU
		{785925CA-E473-4C8E-9FCC-BFE7FC97DE8F}.AppStore|ARM.ActiveCfg = Debug|Any CPU
		{785925CA-E473-4C8E-9FCC-BFE7FC97DE8F}.AppStore|ARM.Build.0 = Debug|Any CPU
		{785925CA-E473-4C8E-9FCC-BFE7FC97DE8F}.AppStore|iPhone.ActiveCfg = Debug|Any CPU
		{785925CA-E473-4C8E-9FCC-BFE7FC97DE8F}.AppStore|iPhone.Build.0 = Debug|Any CPU
		{785925CA-E473-4C8E-9FCC-BFE7FC97DE8F}.AppStore|iPhoneSimulator.ActiveCfg = Debug|Any CPU
		{785925CA-E473-4C8E-9FCC-BFE7FC97DE8F}.AppStore|iPhoneSimulator.Build.0 = Debug|Any CPU
		{785925CA-E473-4C8E-9FCC-BFE7FC97DE8F}.AppStore|x64.ActiveCfg = Debug|Any CPU
		{785925CA-E473-4C8E-9FCC-BFE7FC97DE8F}.AppStore|x64.Build.0 = Debug|Any CPU
		{785925CA-E473-4C8E-9FCC-BFE7FC97DE8F}.AppStore|x86.ActiveCfg = Debug|Any CPU
		{785925CA-E473-4C8E-9FCC-BFE7FC97DE8F}.AppStore|x86.Build.0 = Debug|Any CPU
		{785925CA-E473-4C8E-9FCC-BFE7FC97DE8F}.Debug|Any CPU.ActiveCfg = Debug|Any CPU
		{785925CA-E473-4C8E-9FCC-BFE7FC97DE8F}.Debug|Any CPU.Build.0 = Debug|Any CPU
		{785925CA-E473-4C8E-9FCC-BFE7FC97DE8F}.Debug|ARM.ActiveCfg = Debug|Any CPU
		{785925CA-E473-4C8E-9FCC-BFE7FC97DE8F}.Debug|ARM.Build.0 = Debug|Any CPU
		{785925CA-E473-4C8E-9FCC-BFE7FC97DE8F}.Debug|iPhone.ActiveCfg = Debug|Any CPU
		{785925CA-E473-4C8E-9FCC-BFE7FC97DE8F}.Debug|iPhone.Build.0 = Debug|Any CPU
		{785925CA-E473-4C8E-9FCC-BFE7FC97DE8F}.Debug|iPhoneSimulator.ActiveCfg = Debug|Any CPU
		{785925CA-E473-4C8E-9FCC-BFE7FC97DE8F}.Debug|iPhoneSimulator.Build.0 = Debug|Any CPU
		{785925CA-E473-4C8E-9FCC-BFE7FC97DE8F}.Debug|x64.ActiveCfg = Debug|Any CPU
		{785925CA-E473-4C8E-9FCC-BFE7FC97DE8F}.Debug|x64.Build.0 = Debug|Any CPU
		{785925CA-E473-4C8E-9FCC-BFE7FC97DE8F}.Debug|x86.ActiveCfg = Debug|Any CPU
		{785925CA-E473-4C8E-9FCC-BFE7FC97DE8F}.Debug|x86.Build.0 = Debug|Any CPU
		{785925CA-E473-4C8E-9FCC-BFE7FC97DE8F}.Release|Any CPU.ActiveCfg = Release|Any CPU
		{785925CA-E473-4C8E-9FCC-BFE7FC97DE8F}.Release|Any CPU.Build.0 = Release|Any CPU
		{785925CA-E473-4C8E-9FCC-BFE7FC97DE8F}.Release|ARM.ActiveCfg = Release|Any CPU
		{785925CA-E473-4C8E-9FCC-BFE7FC97DE8F}.Release|ARM.Build.0 = Release|Any CPU
		{785925CA-E473-4C8E-9FCC-BFE7FC97DE8F}.Release|iPhone.ActiveCfg = Release|Any CPU
		{785925CA-E473-4C8E-9FCC-BFE7FC97DE8F}.Release|iPhone.Build.0 = Release|Any CPU
		{785925CA-E473-4C8E-9FCC-BFE7FC97DE8F}.Release|iPhoneSimulator.ActiveCfg = Release|Any CPU
		{785925CA-E473-4C8E-9FCC-BFE7FC97DE8F}.Release|iPhoneSimulator.Build.0 = Release|Any CPU
		{785925CA-E473-4C8E-9FCC-BFE7FC97DE8F}.Release|x64.ActiveCfg = Release|Any CPU
		{785925CA-E473-4C8E-9FCC-BFE7FC97DE8F}.Release|x64.Build.0 = Release|Any CPU
		{785925CA-E473-4C8E-9FCC-BFE7FC97DE8F}.Release|x86.ActiveCfg = Release|Any CPU
		{785925CA-E473-4C8E-9FCC-BFE7FC97DE8F}.Release|x86.Build.0 = Release|Any CPU
	EndGlobalSection
	GlobalSection(SolutionProperties) = preSolution
		HideSolutionNode = FALSE
	EndGlobalSection
	GlobalSection(NestedProjects) = preSolution
		{0BA3780B-995C-4DDC-BDC3-D4CD4A7FA756} = {86436236-8F48-467F-BBB1-F080757407DF}
		{7C9C8E75-F332-4ED7-9162-9B59B00C21F4} = {1EE5E7D2-6990-481D-99DF-90378185650F}
		{56DB2C33-C0DC-4A1C-A77F-04FDFB1FA58B} = {1EE5E7D2-6990-481D-99DF-90378185650F}
		{4A42E960-4C19-4211-8325-4C41EA3BEB37} = {1EE5E7D2-6990-481D-99DF-90378185650F}
		{62E4929D-36D8-4C04-8AC3-97584591A738} = {86436236-8F48-467F-BBB1-F080757407DF}
		{E7852072-5D4C-4E5C-908E-4124EC5B1695} = {7BEF62FA-C596-41A1-AF39-1C337B46894B}
		{DB45ACB1-714A-49AD-9774-BAD6EE713F0E} = {7BEF62FA-C596-41A1-AF39-1C337B46894B}
		{C3232E8B-B2F3-4164-BF5B-A3090CF46106} = {7BEF62FA-C596-41A1-AF39-1C337B46894B}
		{785925CA-E473-4C8E-9FCC-BFE7FC97DE8F} = {7BEF62FA-C596-41A1-AF39-1C337B46894B}
	EndGlobalSection
	GlobalSection(ExtensibilityGlobals) = postSolution
		SolutionGuid = {FBB3E769-327D-43AD-85CB-F392BDE427CD}
	EndGlobalSection
EndGlobal
